// !$*UTF8*$!
{
	archiveVersion = 1;
	classes = {
	};
	objectVersion = 56;
	objects = {

/* Begin PBXBuildFile section */
		6439764029BEA6730031C260 /* AppDelegate.swift in Sources */ = {isa = PBXBuildFile; fileRef = 6439763F29BEA6730031C260 /* AppDelegate.swift */; };
		6439764229BEA6730031C260 /* SceneDelegate.swift in Sources */ = {isa = PBXBuildFile; fileRef = 6439764129BEA6730031C260 /* SceneDelegate.swift */; };
		6439764929BEA6770031C260 /* Assets.xcassets in Resources */ = {isa = PBXBuildFile; fileRef = 6439764829BEA6770031C260 /* Assets.xcassets */; };
		6439764C29BEA6770031C260 /* LaunchScreen.storyboard in Resources */ = {isa = PBXBuildFile; fileRef = 6439764A29BEA6770031C260 /* LaunchScreen.storyboard */; };
		6439765729BEA6780031C260 /* REasy_ConverterTests.swift in Sources */ = {isa = PBXBuildFile; fileRef = 6439765629BEA6780031C260 /* REasy_ConverterTests.swift */; };
		6439766129BEA6780031C260 /* REasy_ConverterUITests.swift in Sources */ = {isa = PBXBuildFile; fileRef = 6439766029BEA6780031C260 /* REasy_ConverterUITests.swift */; };
		6439766329BEA6780031C260 /* REasy_ConverterUITestsLaunchTests.swift in Sources */ = {isa = PBXBuildFile; fileRef = 6439766229BEA6780031C260 /* REasy_ConverterUITestsLaunchTests.swift */; };
		645DEC9D29E8E136001D37A8 /* GoogleService-Info.plist in Resources */ = {isa = PBXBuildFile; fileRef = 645DEC9C29E8E136001D37A8 /* GoogleService-Info.plist */; };
		645DECA929E8E771001D37A8 /* FirebaseAnalytics in Frameworks */ = {isa = PBXBuildFile; productRef = 645DECA829E8E771001D37A8 /* FirebaseAnalytics */; };
		645DECAB29E8E771001D37A8 /* FirebaseAuth in Frameworks */ = {isa = PBXBuildFile; productRef = 645DECAA29E8E771001D37A8 /* FirebaseAuth */; };
		645DECAD29E8E771001D37A8 /* FirebaseCrashlytics in Frameworks */ = {isa = PBXBuildFile; productRef = 645DECAC29E8E771001D37A8 /* FirebaseCrashlytics */; };
		645DECAF29E8E771001D37A8 /* FirebaseDatabase in Frameworks */ = {isa = PBXBuildFile; productRef = 645DECAE29E8E771001D37A8 /* FirebaseDatabase */; };
		64AD24DF29BEC49B00A19708 /* RCoordinator in Frameworks */ = {isa = PBXBuildFile; productRef = 64AD24DE29BEC49B00A19708 /* RCoordinator */; };
		64AD24E429BEC52A00A19708 /* ViewCodable.swift in Sources */ = {isa = PBXBuildFile; fileRef = 64AD24E329BEC52A00A19708 /* ViewCodable.swift */; };
		64AD24E729BEC58F00A19708 /* ConverterViewController.swift in Sources */ = {isa = PBXBuildFile; fileRef = 64AD24E629BEC58F00A19708 /* ConverterViewController.swift */; };
		64AD24EA29BEC5E500A19708 /* MainCoordinator.swift in Sources */ = {isa = PBXBuildFile; fileRef = 64AD24E929BEC5E500A19708 /* MainCoordinator.swift */; };
		64AD24EC29BEC62900A19708 /* MainEvents.swift in Sources */ = {isa = PBXBuildFile; fileRef = 64AD24EB29BEC62900A19708 /* MainEvents.swift */; };
		64AD24EF29BEC6E700A19708 /* ConverterView.swift in Sources */ = {isa = PBXBuildFile; fileRef = 64AD24EE29BEC6E700A19708 /* ConverterView.swift */; };
		64AD24F129BECADC00A19708 /* UIView+Extension.swift in Sources */ = {isa = PBXBuildFile; fileRef = 64AD24F029BECADC00A19708 /* UIView+Extension.swift */; };
		64AD24F329BED5C700A19708 /* ConverterViewModel.swift in Sources */ = {isa = PBXBuildFile; fileRef = 64AD24F229BED5C600A19708 /* ConverterViewModel.swift */; };
		64DFDABB29C2B2C600676891 /* CurrencyTextField.swift in Sources */ = {isa = PBXBuildFile; fileRef = 64DFDABA29C2B2C600676891 /* CurrencyTextField.swift */; };
		64DFDABD29C2B2E300676891 /* Currency.swift in Sources */ = {isa = PBXBuildFile; fileRef = 64DFDABC29C2B2E300676891 /* Currency.swift */; };
		64DFDABF29C5441800676891 /* UIColor+Extension.swift in Sources */ = {isa = PBXBuildFile; fileRef = 64DFDABE29C5441800676891 /* UIColor+Extension.swift */; };
		64DFDAC129C5598900676891 /* UIViewController+Extension.swift in Sources */ = {isa = PBXBuildFile; fileRef = 64DFDAC029C5598900676891 /* UIViewController+Extension.swift */; };
		64ECBBBA29C6AFBD000644EF /* SettingsViewController.swift in Sources */ = {isa = PBXBuildFile; fileRef = 64ECBBB929C6AFBD000644EF /* SettingsViewController.swift */; };
		64ECBBBC29C6B262000644EF /* SettingsView.swift in Sources */ = {isa = PBXBuildFile; fileRef = 64ECBBBB29C6B262000644EF /* SettingsView.swift */; };
		64ECBBBE29C6B405000644EF /* SettingsViewModel.swift in Sources */ = {isa = PBXBuildFile; fileRef = 64ECBBBD29C6B405000644EF /* SettingsViewModel.swift */; };
		64ECBBC029C6BCF4000644EF /* String+Extension.swift in Sources */ = {isa = PBXBuildFile; fileRef = 64ECBBBF29C6BCF4000644EF /* String+Extension.swift */; };
/* End PBXBuildFile section */

/* Begin PBXContainerItemProxy section */
		6439765329BEA6780031C260 /* PBXContainerItemProxy */ = {
			isa = PBXContainerItemProxy;
			containerPortal = 6439763429BEA6730031C260 /* Project object */;
			proxyType = 1;
			remoteGlobalIDString = 6439763B29BEA6730031C260;
			remoteInfo = "REasy Converter";
		};
		6439765D29BEA6780031C260 /* PBXContainerItemProxy */ = {
			isa = PBXContainerItemProxy;
			containerPortal = 6439763429BEA6730031C260 /* Project object */;
			proxyType = 1;
			remoteGlobalIDString = 6439763B29BEA6730031C260;
			remoteInfo = "REasy Converter";
		};
/* End PBXContainerItemProxy section */

/* Begin PBXFileReference section */
		6439763C29BEA6730031C260 /* PocketChange ConvMoeda.app */ = {isa = PBXFileReference; explicitFileType = wrapper.application; includeInIndex = 0; path = "PocketChange ConvMoeda.app"; sourceTree = BUILT_PRODUCTS_DIR; };
		6439763F29BEA6730031C260 /* AppDelegate.swift */ = {isa = PBXFileReference; lastKnownFileType = sourcecode.swift; path = AppDelegate.swift; sourceTree = "<group>"; };
		6439764129BEA6730031C260 /* SceneDelegate.swift */ = {isa = PBXFileReference; lastKnownFileType = sourcecode.swift; path = SceneDelegate.swift; sourceTree = "<group>"; };
		6439764829BEA6770031C260 /* Assets.xcassets */ = {isa = PBXFileReference; lastKnownFileType = folder.assetcatalog; path = Assets.xcassets; sourceTree = "<group>"; };
		6439764B29BEA6770031C260 /* Base */ = {isa = PBXFileReference; lastKnownFileType = file.storyboard; name = Base; path = Base.lproj/LaunchScreen.storyboard; sourceTree = "<group>"; };
		6439764D29BEA6770031C260 /* Info.plist */ = {isa = PBXFileReference; lastKnownFileType = text.plist.xml; path = Info.plist; sourceTree = "<group>"; };
		6439765229BEA6780031C260 /* PocketChange ConvMoedaTests.xctest */ = {isa = PBXFileReference; explicitFileType = wrapper.cfbundle; includeInIndex = 0; path = "PocketChange ConvMoedaTests.xctest"; sourceTree = BUILT_PRODUCTS_DIR; };
		6439765629BEA6780031C260 /* REasy_ConverterTests.swift */ = {isa = PBXFileReference; lastKnownFileType = sourcecode.swift; path = REasy_ConverterTests.swift; sourceTree = "<group>"; };
		6439765C29BEA6780031C260 /* PocketChange ConvMoedaUITests.xctest */ = {isa = PBXFileReference; explicitFileType = wrapper.cfbundle; includeInIndex = 0; path = "PocketChange ConvMoedaUITests.xctest"; sourceTree = BUILT_PRODUCTS_DIR; };
		6439766029BEA6780031C260 /* REasy_ConverterUITests.swift */ = {isa = PBXFileReference; lastKnownFileType = sourcecode.swift; path = REasy_ConverterUITests.swift; sourceTree = "<group>"; };
		6439766229BEA6780031C260 /* REasy_ConverterUITestsLaunchTests.swift */ = {isa = PBXFileReference; lastKnownFileType = sourcecode.swift; path = REasy_ConverterUITestsLaunchTests.swift; sourceTree = "<group>"; };
		645DEC9C29E8E136001D37A8 /* GoogleService-Info.plist */ = {isa = PBXFileReference; fileEncoding = 4; lastKnownFileType = text.plist.xml; path = "GoogleService-Info.plist"; sourceTree = "<group>"; };
		64AD24E329BEC52A00A19708 /* ViewCodable.swift */ = {isa = PBXFileReference; lastKnownFileType = sourcecode.swift; path = ViewCodable.swift; sourceTree = "<group>"; };
		64AD24E629BEC58F00A19708 /* ConverterViewController.swift */ = {isa = PBXFileReference; lastKnownFileType = sourcecode.swift; path = ConverterViewController.swift; sourceTree = "<group>"; };
		64AD24E929BEC5E500A19708 /* MainCoordinator.swift */ = {isa = PBXFileReference; lastKnownFileType = sourcecode.swift; path = MainCoordinator.swift; sourceTree = "<group>"; };
		64AD24EB29BEC62900A19708 /* MainEvents.swift */ = {isa = PBXFileReference; lastKnownFileType = sourcecode.swift; path = MainEvents.swift; sourceTree = "<group>"; };
		64AD24EE29BEC6E700A19708 /* ConverterView.swift */ = {isa = PBXFileReference; lastKnownFileType = sourcecode.swift; path = ConverterView.swift; sourceTree = "<group>"; };
		64AD24F029BECADC00A19708 /* UIView+Extension.swift */ = {isa = PBXFileReference; lastKnownFileType = sourcecode.swift; path = "UIView+Extension.swift"; sourceTree = "<group>"; };
		64AD24F229BED5C600A19708 /* ConverterViewModel.swift */ = {isa = PBXFileReference; lastKnownFileType = sourcecode.swift; path = ConverterViewModel.swift; sourceTree = "<group>"; };
		64DFDABA29C2B2C600676891 /* CurrencyTextField.swift */ = {isa = PBXFileReference; lastKnownFileType = sourcecode.swift; path = CurrencyTextField.swift; sourceTree = "<group>"; };
		64DFDABC29C2B2E300676891 /* Currency.swift */ = {isa = PBXFileReference; lastKnownFileType = sourcecode.swift; path = Currency.swift; sourceTree = "<group>"; };
		64DFDABE29C5441800676891 /* UIColor+Extension.swift */ = {isa = PBXFileReference; lastKnownFileType = sourcecode.swift; path = "UIColor+Extension.swift"; sourceTree = "<group>"; };
		64DFDAC029C5598900676891 /* UIViewController+Extension.swift */ = {isa = PBXFileReference; lastKnownFileType = sourcecode.swift; path = "UIViewController+Extension.swift"; sourceTree = "<group>"; };
		64ECBBB929C6AFBD000644EF /* SettingsViewController.swift */ = {isa = PBXFileReference; lastKnownFileType = sourcecode.swift; path = SettingsViewController.swift; sourceTree = "<group>"; };
		64ECBBBB29C6B262000644EF /* SettingsView.swift */ = {isa = PBXFileReference; lastKnownFileType = sourcecode.swift; path = SettingsView.swift; sourceTree = "<group>"; };
		64ECBBBD29C6B405000644EF /* SettingsViewModel.swift */ = {isa = PBXFileReference; lastKnownFileType = sourcecode.swift; path = SettingsViewModel.swift; sourceTree = "<group>"; };
		64ECBBBF29C6BCF4000644EF /* String+Extension.swift */ = {isa = PBXFileReference; lastKnownFileType = sourcecode.swift; path = "String+Extension.swift"; sourceTree = "<group>"; };
/* End PBXFileReference section */

/* Begin PBXFrameworksBuildPhase section */
		6439763929BEA6730031C260 /* Frameworks */ = {
			isa = PBXFrameworksBuildPhase;
			buildActionMask = 2147483647;
			files = (
				645DECAF29E8E771001D37A8 /* FirebaseDatabase in Frameworks */,
				645DECA929E8E771001D37A8 /* FirebaseAnalytics in Frameworks */,
				645DECAD29E8E771001D37A8 /* FirebaseCrashlytics in Frameworks */,
				645DECAB29E8E771001D37A8 /* FirebaseAuth in Frameworks */,
				64AD24DF29BEC49B00A19708 /* RCoordinator in Frameworks */,
			);
			runOnlyForDeploymentPostprocessing = 0;
		};
		6439764F29BEA6780031C260 /* Frameworks */ = {
			isa = PBXFrameworksBuildPhase;
			buildActionMask = 2147483647;
			files = (
			);
			runOnlyForDeploymentPostprocessing = 0;
		};
		6439765929BEA6780031C260 /* Frameworks */ = {
			isa = PBXFrameworksBuildPhase;
			buildActionMask = 2147483647;
			files = (
			);
			runOnlyForDeploymentPostprocessing = 0;
		};
/* End PBXFrameworksBuildPhase section */

/* Begin PBXGroup section */
		6439763329BEA6730031C260 = {
			isa = PBXGroup;
			children = (
				6439763E29BEA6730031C260 /* REasy Converter */,
				6439765529BEA6780031C260 /* REasy ConverterTests */,
				6439765F29BEA6780031C260 /* REasy ConverterUITests */,
				6439763D29BEA6730031C260 /* Products */,
			);
			sourceTree = "<group>";
		};
		6439763D29BEA6730031C260 /* Products */ = {
			isa = PBXGroup;
			children = (
				6439763C29BEA6730031C260 /* PocketChange ConvMoeda.app */,
				6439765229BEA6780031C260 /* PocketChange ConvMoedaTests.xctest */,
				6439765C29BEA6780031C260 /* PocketChange ConvMoedaUITests.xctest */,
			);
			name = Products;
			sourceTree = "<group>";
		};
		6439763E29BEA6730031C260 /* REasy Converter */ = {
			isa = PBXGroup;
			children = (
				64AD24E029BEC4AC00A19708 /* Sources */,
				6439763F29BEA6730031C260 /* AppDelegate.swift */,
				6439764129BEA6730031C260 /* SceneDelegate.swift */,
				6439764829BEA6770031C260 /* Assets.xcassets */,
				6439764A29BEA6770031C260 /* LaunchScreen.storyboard */,
				6439764D29BEA6770031C260 /* Info.plist */,
				645DEC9C29E8E136001D37A8 /* GoogleService-Info.plist */,
			);
			path = "REasy Converter";
			sourceTree = "<group>";
		};
		6439765529BEA6780031C260 /* REasy ConverterTests */ = {
			isa = PBXGroup;
			children = (
				6439765629BEA6780031C260 /* REasy_ConverterTests.swift */,
			);
			path = "REasy ConverterTests";
			sourceTree = "<group>";
		};
		6439765F29BEA6780031C260 /* REasy ConverterUITests */ = {
			isa = PBXGroup;
			children = (
				6439766029BEA6780031C260 /* REasy_ConverterUITests.swift */,
				6439766229BEA6780031C260 /* REasy_ConverterUITestsLaunchTests.swift */,
			);
			path = "REasy ConverterUITests";
			sourceTree = "<group>";
		};
		64AD24E029BEC4AC00A19708 /* Sources */ = {
			isa = PBXGroup;
			children = (
				64AD24E129BEC4B400A19708 /* Presentation */,
				64AD24E829BEC5C900A19708 /* Coordinator */,
				64AD24E229BEC4C400A19708 /* Utils */,
			);
			path = Sources;
			sourceTree = "<group>";
		};
		64AD24E129BEC4B400A19708 /* Presentation */ = {
			isa = PBXGroup;
			children = (
				64AD24E529BEC56500A19708 /* Controller */,
			);
			path = Presentation;
			sourceTree = "<group>";
		};
		64AD24E229BEC4C400A19708 /* Utils */ = {
			isa = PBXGroup;
			children = (
				64DFDAB829C2B29C00676891 /* Components */,
				64AD24E329BEC52A00A19708 /* ViewCodable.swift */,
				64AD24F029BECADC00A19708 /* UIView+Extension.swift */,
				64DFDABE29C5441800676891 /* UIColor+Extension.swift */,
				64DFDAC029C5598900676891 /* UIViewController+Extension.swift */,
				64ECBBBF29C6BCF4000644EF /* String+Extension.swift */,
			);
			path = Utils;
			sourceTree = "<group>";
		};
		64AD24E529BEC56500A19708 /* Controller */ = {
			isa = PBXGroup;
			children = (
				64ECBBB829C6AFA0000644EF /* Settings */,
				64ECBBB729C6ADFA000644EF /* Converter */,
			);
			path = Controller;
			sourceTree = "<group>";
		};
		64AD24E829BEC5C900A19708 /* Coordinator */ = {
			isa = PBXGroup;
			children = (
				64AD24ED29BEC64D00A19708 /* Events */,
				64AD24E929BEC5E500A19708 /* MainCoordinator.swift */,
			);
			path = Coordinator;
			sourceTree = "<group>";
		};
		64AD24ED29BEC64D00A19708 /* Events */ = {
			isa = PBXGroup;
			children = (
				64AD24EB29BEC62900A19708 /* MainEvents.swift */,
			);
			path = Events;
			sourceTree = "<group>";
		};
		64DFDAB829C2B29C00676891 /* Components */ = {
			isa = PBXGroup;
			children = (
				64DFDAB929C2B2A600676891 /* CurrencyTextField */,
			);
			path = Components;
			sourceTree = "<group>";
		};
		64DFDAB929C2B2A600676891 /* CurrencyTextField */ = {
			isa = PBXGroup;
			children = (
				64DFDABA29C2B2C600676891 /* CurrencyTextField.swift */,
				64DFDABC29C2B2E300676891 /* Currency.swift */,
			);
			path = CurrencyTextField;
			sourceTree = "<group>";
		};
		64ECBBB729C6ADFA000644EF /* Converter */ = {
			isa = PBXGroup;
			children = (
				64AD24E629BEC58F00A19708 /* ConverterViewController.swift */,
				64AD24EE29BEC6E700A19708 /* ConverterView.swift */,
				64AD24F229BED5C600A19708 /* ConverterViewModel.swift */,
			);
			name = Converter;
			path = "New Group";
			sourceTree = "<group>";
		};
		64ECBBB829C6AFA0000644EF /* Settings */ = {
			isa = PBXGroup;
			children = (
				64ECBBB929C6AFBD000644EF /* SettingsViewController.swift */,
				64ECBBBB29C6B262000644EF /* SettingsView.swift */,
				64ECBBBD29C6B405000644EF /* SettingsViewModel.swift */,
			);
			path = Settings;
			sourceTree = "<group>";
		};
/* End PBXGroup section */

/* Begin PBXNativeTarget section */
		6439763B29BEA6730031C260 /* PocketChange ConvMoeda */ = {
			isa = PBXNativeTarget;
			buildConfigurationList = 6439766629BEA6780031C260 /* Build configuration list for PBXNativeTarget "PocketChange ConvMoeda" */;
			buildPhases = (
				6439763829BEA6730031C260 /* Sources */,
				6439763929BEA6730031C260 /* Frameworks */,
				6439763A29BEA6730031C260 /* Resources */,
			);
			buildRules = (
			);
			dependencies = (
			);
			name = "PocketChange ConvMoeda";
			packageProductDependencies = (
				64AD24DE29BEC49B00A19708 /* RCoordinator */,
				645DECA829E8E771001D37A8 /* FirebaseAnalytics */,
				645DECAA29E8E771001D37A8 /* FirebaseAuth */,
				645DECAC29E8E771001D37A8 /* FirebaseCrashlytics */,
				645DECAE29E8E771001D37A8 /* FirebaseDatabase */,
			);
			productName = "REasy Converter";
			productReference = 6439763C29BEA6730031C260 /* PocketChange ConvMoeda.app */;
			productType = "com.apple.product-type.application";
		};
		6439765129BEA6780031C260 /* PocketChange ConvMoedaTests */ = {
			isa = PBXNativeTarget;
			buildConfigurationList = 6439766929BEA6780031C260 /* Build configuration list for PBXNativeTarget "PocketChange ConvMoedaTests" */;
			buildPhases = (
				6439764E29BEA6780031C260 /* Sources */,
				6439764F29BEA6780031C260 /* Frameworks */,
				6439765029BEA6780031C260 /* Resources */,
			);
			buildRules = (
			);
			dependencies = (
				6439765429BEA6780031C260 /* PBXTargetDependency */,
			);
			name = "PocketChange ConvMoedaTests";
			productName = "REasy ConverterTests";
			productReference = 6439765229BEA6780031C260 /* PocketChange ConvMoedaTests.xctest */;
			productType = "com.apple.product-type.bundle.unit-test";
		};
		6439765B29BEA6780031C260 /* PocketChange ConvMoedaUITests */ = {
			isa = PBXNativeTarget;
			buildConfigurationList = 6439766C29BEA6780031C260 /* Build configuration list for PBXNativeTarget "PocketChange ConvMoedaUITests" */;
			buildPhases = (
				6439765829BEA6780031C260 /* Sources */,
				6439765929BEA6780031C260 /* Frameworks */,
				6439765A29BEA6780031C260 /* Resources */,
			);
			buildRules = (
			);
			dependencies = (
				6439765E29BEA6780031C260 /* PBXTargetDependency */,
			);
			name = "PocketChange ConvMoedaUITests";
			productName = "REasy ConverterUITests";
			productReference = 6439765C29BEA6780031C260 /* PocketChange ConvMoedaUITests.xctest */;
			productType = "com.apple.product-type.bundle.ui-testing";
		};
/* End PBXNativeTarget section */

/* Begin PBXProject section */
		6439763429BEA6730031C260 /* Project object */ = {
			isa = PBXProject;
			attributes = {
				BuildIndependentTargetsInParallel = 1;
				LastSwiftUpdateCheck = 1420;
				LastUpgradeCheck = 1420;
				TargetAttributes = {
					6439763B29BEA6730031C260 = {
						CreatedOnToolsVersion = 14.2;
					};
					6439765129BEA6780031C260 = {
						CreatedOnToolsVersion = 14.2;
						TestTargetID = 6439763B29BEA6730031C260;
					};
					6439765B29BEA6780031C260 = {
						CreatedOnToolsVersion = 14.2;
						TestTargetID = 6439763B29BEA6730031C260;
					};
				};
			};
			buildConfigurationList = 6439763729BEA6730031C260 /* Build configuration list for PBXProject "PocketChange ConvMoeda" */;
			compatibilityVersion = "Xcode 14.0";
			developmentRegion = en;
			hasScannedForEncodings = 0;
			knownRegions = (
				en,
				Base,
			);
			mainGroup = 6439763329BEA6730031C260;
			packageReferences = (
				64AD24DD29BEC49B00A19708 /* XCRemoteSwiftPackageReference "coordinator" */,
				645DECA729E8E771001D37A8 /* XCRemoteSwiftPackageReference "firebase-ios-sdk" */,
			);
			productRefGroup = 6439763D29BEA6730031C260 /* Products */;
			projectDirPath = "";
			projectRoot = "";
			targets = (
				6439763B29BEA6730031C260 /* PocketChange ConvMoeda */,
				6439765129BEA6780031C260 /* PocketChange ConvMoedaTests */,
				6439765B29BEA6780031C260 /* PocketChange ConvMoedaUITests */,
			);
		};
/* End PBXProject section */

/* Begin PBXResourcesBuildPhase section */
		6439763A29BEA6730031C260 /* Resources */ = {
			isa = PBXResourcesBuildPhase;
			buildActionMask = 2147483647;
			files = (
				6439764C29BEA6770031C260 /* LaunchScreen.storyboard in Resources */,
				6439764929BEA6770031C260 /* Assets.xcassets in Resources */,
				645DEC9D29E8E136001D37A8 /* GoogleService-Info.plist in Resources */,
			);
			runOnlyForDeploymentPostprocessing = 0;
		};
		6439765029BEA6780031C260 /* Resources */ = {
			isa = PBXResourcesBuildPhase;
			buildActionMask = 2147483647;
			files = (
			);
			runOnlyForDeploymentPostprocessing = 0;
		};
		6439765A29BEA6780031C260 /* Resources */ = {
			isa = PBXResourcesBuildPhase;
			buildActionMask = 2147483647;
			files = (
			);
			runOnlyForDeploymentPostprocessing = 0;
		};
/* End PBXResourcesBuildPhase section */

/* Begin PBXSourcesBuildPhase section */
		6439763829BEA6730031C260 /* Sources */ = {
			isa = PBXSourcesBuildPhase;
			buildActionMask = 2147483647;
			files = (
				64ECBBBC29C6B262000644EF /* SettingsView.swift in Sources */,
				64AD24E429BEC52A00A19708 /* ViewCodable.swift in Sources */,
				64AD24EC29BEC62900A19708 /* MainEvents.swift in Sources */,
				64AD24F129BECADC00A19708 /* UIView+Extension.swift in Sources */,
				64DFDABF29C5441800676891 /* UIColor+Extension.swift in Sources */,
				64AD24EF29BEC6E700A19708 /* ConverterView.swift in Sources */,
				64DFDAC129C5598900676891 /* UIViewController+Extension.swift in Sources */,
				64AD24F329BED5C700A19708 /* ConverterViewModel.swift in Sources */,
				64ECBBC029C6BCF4000644EF /* String+Extension.swift in Sources */,
				6439764029BEA6730031C260 /* AppDelegate.swift in Sources */,
				64DFDABD29C2B2E300676891 /* Currency.swift in Sources */,
				64ECBBBA29C6AFBD000644EF /* SettingsViewController.swift in Sources */,
				6439764229BEA6730031C260 /* SceneDelegate.swift in Sources */,
				64AD24EA29BEC5E500A19708 /* MainCoordinator.swift in Sources */,
				64DFDABB29C2B2C600676891 /* CurrencyTextField.swift in Sources */,
				64AD24E729BEC58F00A19708 /* ConverterViewController.swift in Sources */,
				64ECBBBE29C6B405000644EF /* SettingsViewModel.swift in Sources */,
			);
			runOnlyForDeploymentPostprocessing = 0;
		};
		6439764E29BEA6780031C260 /* Sources */ = {
			isa = PBXSourcesBuildPhase;
			buildActionMask = 2147483647;
			files = (
				6439765729BEA6780031C260 /* REasy_ConverterTests.swift in Sources */,
			);
			runOnlyForDeploymentPostprocessing = 0;
		};
		6439765829BEA6780031C260 /* Sources */ = {
			isa = PBXSourcesBuildPhase;
			buildActionMask = 2147483647;
			files = (
				6439766329BEA6780031C260 /* REasy_ConverterUITestsLaunchTests.swift in Sources */,
				6439766129BEA6780031C260 /* REasy_ConverterUITests.swift in Sources */,
			);
			runOnlyForDeploymentPostprocessing = 0;
		};
/* End PBXSourcesBuildPhase section */

/* Begin PBXTargetDependency section */
		6439765429BEA6780031C260 /* PBXTargetDependency */ = {
			isa = PBXTargetDependency;
			target = 6439763B29BEA6730031C260 /* PocketChange ConvMoeda */;
			targetProxy = 6439765329BEA6780031C260 /* PBXContainerItemProxy */;
		};
		6439765E29BEA6780031C260 /* PBXTargetDependency */ = {
			isa = PBXTargetDependency;
			target = 6439763B29BEA6730031C260 /* PocketChange ConvMoeda */;
			targetProxy = 6439765D29BEA6780031C260 /* PBXContainerItemProxy */;
		};
/* End PBXTargetDependency section */

/* Begin PBXVariantGroup section */
		6439764A29BEA6770031C260 /* LaunchScreen.storyboard */ = {
			isa = PBXVariantGroup;
			children = (
				6439764B29BEA6770031C260 /* Base */,
			);
			name = LaunchScreen.storyboard;
			sourceTree = "<group>";
		};
/* End PBXVariantGroup section */

/* Begin XCBuildConfiguration section */
		6439766429BEA6780031C260 /* Debug */ = {
			isa = XCBuildConfiguration;
			buildSettings = {
				ALWAYS_SEARCH_USER_PATHS = NO;
				CLANG_ANALYZER_NONNULL = YES;
				CLANG_ANALYZER_NUMBER_OBJECT_CONVERSION = YES_AGGRESSIVE;
				CLANG_CXX_LANGUAGE_STANDARD = "gnu++20";
				CLANG_ENABLE_MODULES = YES;
				CLANG_ENABLE_OBJC_ARC = YES;
				CLANG_ENABLE_OBJC_WEAK = YES;
				CLANG_WARN_BLOCK_CAPTURE_AUTORELEASING = YES;
				CLANG_WARN_BOOL_CONVERSION = YES;
				CLANG_WARN_COMMA = YES;
				CLANG_WARN_CONSTANT_CONVERSION = YES;
				CLANG_WARN_DEPRECATED_OBJC_IMPLEMENTATIONS = YES;
				CLANG_WARN_DIRECT_OBJC_ISA_USAGE = YES_ERROR;
				CLANG_WARN_DOCUMENTATION_COMMENTS = YES;
				CLANG_WARN_EMPTY_BODY = YES;
				CLANG_WARN_ENUM_CONVERSION = YES;
				CLANG_WARN_INFINITE_RECURSION = YES;
				CLANG_WARN_INT_CONVERSION = YES;
				CLANG_WARN_NON_LITERAL_NULL_CONVERSION = YES;
				CLANG_WARN_OBJC_IMPLICIT_RETAIN_SELF = YES;
				CLANG_WARN_OBJC_LITERAL_CONVERSION = YES;
				CLANG_WARN_OBJC_ROOT_CLASS = YES_ERROR;
				CLANG_WARN_QUOTED_INCLUDE_IN_FRAMEWORK_HEADER = YES;
				CLANG_WARN_RANGE_LOOP_ANALYSIS = YES;
				CLANG_WARN_STRICT_PROTOTYPES = YES;
				CLANG_WARN_SUSPICIOUS_MOVE = YES;
				CLANG_WARN_UNGUARDED_AVAILABILITY = YES_AGGRESSIVE;
				CLANG_WARN_UNREACHABLE_CODE = YES;
				CLANG_WARN__DUPLICATE_METHOD_MATCH = YES;
				COPY_PHASE_STRIP = NO;
				DEBUG_INFORMATION_FORMAT = dwarf;
				ENABLE_STRICT_OBJC_MSGSEND = YES;
				ENABLE_TESTABILITY = YES;
				GCC_C_LANGUAGE_STANDARD = gnu11;
				GCC_DYNAMIC_NO_PIC = NO;
				GCC_NO_COMMON_BLOCKS = YES;
				GCC_OPTIMIZATION_LEVEL = 0;
				GCC_PREPROCESSOR_DEFINITIONS = (
					"DEBUG=1",
					"$(inherited)",
				);
				GCC_WARN_64_TO_32_BIT_CONVERSION = YES;
				GCC_WARN_ABOUT_RETURN_TYPE = YES_ERROR;
				GCC_WARN_UNDECLARED_SELECTOR = YES;
				GCC_WARN_UNINITIALIZED_AUTOS = YES_AGGRESSIVE;
				GCC_WARN_UNUSED_FUNCTION = YES;
				GCC_WARN_UNUSED_VARIABLE = YES;
				IPHONEOS_DEPLOYMENT_TARGET = 16.2;
				MTL_ENABLE_DEBUG_INFO = INCLUDE_SOURCE;
				MTL_FAST_MATH = YES;
				ONLY_ACTIVE_ARCH = YES;
				SDKROOT = iphoneos;
				SWIFT_ACTIVE_COMPILATION_CONDITIONS = DEBUG;
				SWIFT_OPTIMIZATION_LEVEL = "-Onone";
			};
			name = Debug;
		};
		6439766529BEA6780031C260 /* Release */ = {
			isa = XCBuildConfiguration;
			buildSettings = {
				ALWAYS_SEARCH_USER_PATHS = NO;
				CLANG_ANALYZER_NONNULL = YES;
				CLANG_ANALYZER_NUMBER_OBJECT_CONVERSION = YES_AGGRESSIVE;
				CLANG_CXX_LANGUAGE_STANDARD = "gnu++20";
				CLANG_ENABLE_MODULES = YES;
				CLANG_ENABLE_OBJC_ARC = YES;
				CLANG_ENABLE_OBJC_WEAK = YES;
				CLANG_WARN_BLOCK_CAPTURE_AUTORELEASING = YES;
				CLANG_WARN_BOOL_CONVERSION = YES;
				CLANG_WARN_COMMA = YES;
				CLANG_WARN_CONSTANT_CONVERSION = YES;
				CLANG_WARN_DEPRECATED_OBJC_IMPLEMENTATIONS = YES;
				CLANG_WARN_DIRECT_OBJC_ISA_USAGE = YES_ERROR;
				CLANG_WARN_DOCUMENTATION_COMMENTS = YES;
				CLANG_WARN_EMPTY_BODY = YES;
				CLANG_WARN_ENUM_CONVERSION = YES;
				CLANG_WARN_INFINITE_RECURSION = YES;
				CLANG_WARN_INT_CONVERSION = YES;
				CLANG_WARN_NON_LITERAL_NULL_CONVERSION = YES;
				CLANG_WARN_OBJC_IMPLICIT_RETAIN_SELF = YES;
				CLANG_WARN_OBJC_LITERAL_CONVERSION = YES;
				CLANG_WARN_OBJC_ROOT_CLASS = YES_ERROR;
				CLANG_WARN_QUOTED_INCLUDE_IN_FRAMEWORK_HEADER = YES;
				CLANG_WARN_RANGE_LOOP_ANALYSIS = YES;
				CLANG_WARN_STRICT_PROTOTYPES = YES;
				CLANG_WARN_SUSPICIOUS_MOVE = YES;
				CLANG_WARN_UNGUARDED_AVAILABILITY = YES_AGGRESSIVE;
				CLANG_WARN_UNREACHABLE_CODE = YES;
				CLANG_WARN__DUPLICATE_METHOD_MATCH = YES;
				COPY_PHASE_STRIP = NO;
				DEBUG_INFORMATION_FORMAT = "dwarf-with-dsym";
				ENABLE_NS_ASSERTIONS = NO;
				ENABLE_STRICT_OBJC_MSGSEND = YES;
				GCC_C_LANGUAGE_STANDARD = gnu11;
				GCC_NO_COMMON_BLOCKS = YES;
				GCC_WARN_64_TO_32_BIT_CONVERSION = YES;
				GCC_WARN_ABOUT_RETURN_TYPE = YES_ERROR;
				GCC_WARN_UNDECLARED_SELECTOR = YES;
				GCC_WARN_UNINITIALIZED_AUTOS = YES_AGGRESSIVE;
				GCC_WARN_UNUSED_FUNCTION = YES;
				GCC_WARN_UNUSED_VARIABLE = YES;
				IPHONEOS_DEPLOYMENT_TARGET = 16.2;
				MTL_ENABLE_DEBUG_INFO = NO;
				MTL_FAST_MATH = YES;
				SDKROOT = iphoneos;
				SWIFT_COMPILATION_MODE = wholemodule;
				SWIFT_OPTIMIZATION_LEVEL = "-O";
				VALIDATE_PRODUCT = YES;
			};
			name = Release;
		};
		6439766729BEA6780031C260 /* Debug */ = {
			isa = XCBuildConfiguration;
			buildSettings = {
				ASSETCATALOG_COMPILER_APPICON_NAME = AppIcon;
				ASSETCATALOG_COMPILER_GLOBAL_ACCENT_COLOR_NAME = AccentColor;
				CODE_SIGN_STYLE = Automatic;
				CURRENT_PROJECT_VERSION = 1;
				DEVELOPMENT_TEAM = 5Z67258WU3;
				GENERATE_INFOPLIST_FILE = YES;
				INFOPLIST_FILE = "REasy Converter/Info.plist";
				INFOPLIST_KEY_CFBundleDisplayName = "PocketChange Conversor";
				INFOPLIST_KEY_LSApplicationCategoryType = "public.app-category.travel";
				INFOPLIST_KEY_UIApplicationSupportsIndirectInputEvents = YES;
				INFOPLIST_KEY_UILaunchStoryboardName = LaunchScreen;
				INFOPLIST_KEY_UISupportedInterfaceOrientations = UIInterfaceOrientationPortrait;
				INFOPLIST_KEY_UISupportedInterfaceOrientations_iPad = "UIInterfaceOrientationLandscapeLeft UIInterfaceOrientationLandscapeRight UIInterfaceOrientationPortrait UIInterfaceOrientationPortraitUpsideDown";
				LD_RUNPATH_SEARCH_PATHS = (
					"$(inherited)",
					"@executable_path/Frameworks",
				);
				MARKETING_VERSION = 1.0;
				PRODUCT_BUNDLE_IDENTIFIER = com.br.rofhelbra.pocketchangeconversor;
				PRODUCT_NAME = "$(TARGET_NAME)";
				SUPPORTED_PLATFORMS = "iphoneos iphonesimulator";
				SUPPORTS_MACCATALYST = NO;
				SUPPORTS_MAC_DESIGNED_FOR_IPHONE_IPAD = NO;
				SWIFT_EMIT_LOC_STRINGS = YES;
				SWIFT_VERSION = 5.0;
				TARGETED_DEVICE_FAMILY = 1;
			};
			name = Debug;
		};
		6439766829BEA6780031C260 /* Release */ = {
			isa = XCBuildConfiguration;
			buildSettings = {
				ASSETCATALOG_COMPILER_APPICON_NAME = AppIcon;
				ASSETCATALOG_COMPILER_GLOBAL_ACCENT_COLOR_NAME = AccentColor;
				CODE_SIGN_STYLE = Automatic;
				CURRENT_PROJECT_VERSION = 1;
				DEVELOPMENT_TEAM = 5Z67258WU3;
				GENERATE_INFOPLIST_FILE = YES;
				INFOPLIST_FILE = "REasy Converter/Info.plist";
				INFOPLIST_KEY_CFBundleDisplayName = "PocketChange Conversor";
				INFOPLIST_KEY_LSApplicationCategoryType = "public.app-category.travel";
				INFOPLIST_KEY_UIApplicationSupportsIndirectInputEvents = YES;
				INFOPLIST_KEY_UILaunchStoryboardName = LaunchScreen;
				INFOPLIST_KEY_UISupportedInterfaceOrientations = UIInterfaceOrientationPortrait;
				INFOPLIST_KEY_UISupportedInterfaceOrientations_iPad = "UIInterfaceOrientationLandscapeLeft UIInterfaceOrientationLandscapeRight UIInterfaceOrientationPortrait UIInterfaceOrientationPortraitUpsideDown";
				LD_RUNPATH_SEARCH_PATHS = (
					"$(inherited)",
					"@executable_path/Frameworks",
				);
				MARKETING_VERSION = 1.0;
				PRODUCT_BUNDLE_IDENTIFIER = com.br.rofhelbra.pocketchangeconversor;
				PRODUCT_NAME = "$(TARGET_NAME)";
				SUPPORTED_PLATFORMS = "iphoneos iphonesimulator";
				SUPPORTS_MACCATALYST = NO;
				SUPPORTS_MAC_DESIGNED_FOR_IPHONE_IPAD = NO;
				SWIFT_EMIT_LOC_STRINGS = YES;
				SWIFT_VERSION = 5.0;
				TARGETED_DEVICE_FAMILY = 1;
			};
			name = Release;
		};
		6439766A29BEA6780031C260 /* Debug */ = {
			isa = XCBuildConfiguration;
			buildSettings = {
				ALWAYS_EMBED_SWIFT_STANDARD_LIBRARIES = YES;
				BUNDLE_LOADER = "$(TEST_HOST)";
				CODE_SIGN_STYLE = Automatic;
				CURRENT_PROJECT_VERSION = 1;
				DEVELOPMENT_TEAM = 5Z67258WU3;
				GENERATE_INFOPLIST_FILE = YES;
				IPHONEOS_DEPLOYMENT_TARGET = 16.2;
				MARKETING_VERSION = 1.0;
				PRODUCT_BUNDLE_IDENTIFIER = "com.br.rofhelbra.REasy-ConverterTests";
				PRODUCT_NAME = "$(TARGET_NAME)";
				SWIFT_EMIT_LOC_STRINGS = NO;
				SWIFT_VERSION = 5.0;
				TARGETED_DEVICE_FAMILY = "1,2";
				TEST_HOST = "$(BUILT_PRODUCTS_DIR)/PocketChange ConvMoeda.app/$(BUNDLE_EXECUTABLE_FOLDER_PATH)/PocketChange ConvMoeda";
			};
			name = Debug;
		};
		6439766B29BEA6780031C260 /* Release */ = {
			isa = XCBuildConfiguration;
			buildSettings = {
				ALWAYS_EMBED_SWIFT_STANDARD_LIBRARIES = YES;
				BUNDLE_LOADER = "$(TEST_HOST)";
				CODE_SIGN_STYLE = Automatic;
				CURRENT_PROJECT_VERSION = 1;
				DEVELOPMENT_TEAM = 5Z67258WU3;
				GENERATE_INFOPLIST_FILE = YES;
				IPHONEOS_DEPLOYMENT_TARGET = 16.2;
				MARKETING_VERSION = 1.0;
				PRODUCT_BUNDLE_IDENTIFIER = "com.br.rofhelbra.REasy-ConverterTests";
				PRODUCT_NAME = "$(TARGET_NAME)";
				SWIFT_EMIT_LOC_STRINGS = NO;
				SWIFT_VERSION = 5.0;
				TARGETED_DEVICE_FAMILY = "1,2";
				TEST_HOST = "$(BUILT_PRODUCTS_DIR)/PocketChange ConvMoeda.app/$(BUNDLE_EXECUTABLE_FOLDER_PATH)/PocketChange ConvMoeda";
			};
			name = Release;
		};
		6439766D29BEA6780031C260 /* Debug */ = {
			isa = XCBuildConfiguration;
			buildSettings = {
				ALWAYS_EMBED_SWIFT_STANDARD_LIBRARIES = YES;
				CODE_SIGN_STYLE = Automatic;
				CURRENT_PROJECT_VERSION = 1;
				DEVELOPMENT_TEAM = 5Z67258WU3;
				GENERATE_INFOPLIST_FILE = YES;
				MARKETING_VERSION = 1.0;
				PRODUCT_BUNDLE_IDENTIFIER = "com.br.rofhelbra.REasy-ConverterUITests";
				PRODUCT_NAME = "$(TARGET_NAME)";
				SWIFT_EMIT_LOC_STRINGS = NO;
				SWIFT_VERSION = 5.0;
				TARGETED_DEVICE_FAMILY = "1,2";
				TEST_TARGET_NAME = "REasy Converter";
			};
			name = Debug;
		};
		6439766E29BEA6780031C260 /* Release */ = {
			isa = XCBuildConfiguration;
			buildSettings = {
				ALWAYS_EMBED_SWIFT_STANDARD_LIBRARIES = YES;
				CODE_SIGN_STYLE = Automatic;
				CURRENT_PROJECT_VERSION = 1;
				DEVELOPMENT_TEAM = 5Z67258WU3;
				GENERATE_INFOPLIST_FILE = YES;
				MARKETING_VERSION = 1.0;
				PRODUCT_BUNDLE_IDENTIFIER = "com.br.rofhelbra.REasy-ConverterUITests";
				PRODUCT_NAME = "$(TARGET_NAME)";
				SWIFT_EMIT_LOC_STRINGS = NO;
				SWIFT_VERSION = 5.0;
				TARGETED_DEVICE_FAMILY = "1,2";
				TEST_TARGET_NAME = "REasy Converter";
			};
			name = Release;
		};
/* End XCBuildConfiguration section */

/* Begin XCConfigurationList section */
		6439763729BEA6730031C260 /* Build configuration list for PBXProject "PocketChange ConvMoeda" */ = {
			isa = XCConfigurationList;
			buildConfigurations = (
				6439766429BEA6780031C260 /* Debug */,
				6439766529BEA6780031C260 /* Release */,
			);
			defaultConfigurationIsVisible = 0;
			defaultConfigurationName = Release;
		};
		6439766629BEA6780031C260 /* Build configuration list for PBXNativeTarget "PocketChange ConvMoeda" */ = {
			isa = XCConfigurationList;
			buildConfigurations = (
				6439766729BEA6780031C260 /* Debug */,
				6439766829BEA6780031C260 /* Release */,
			);
			defaultConfigurationIsVisible = 0;
			defaultConfigurationName = Release;
		};
		6439766929BEA6780031C260 /* Build configuration list for PBXNativeTarget "PocketChange ConvMoedaTests" */ = {
			isa = XCConfigurationList;
			buildConfigurations = (
				6439766A29BEA6780031C260 /* Debug */,
				6439766B29BEA6780031C260 /* Release */,
			);
			defaultConfigurationIsVisible = 0;
			defaultConfigurationName = Release;
		};
		6439766C29BEA6780031C260 /* Build configuration list for PBXNativeTarget "PocketChange ConvMoedaUITests" */ = {
			isa = XCConfigurationList;
			buildConfigurations = (
				6439766D29BEA6780031C260 /* Debug */,
				6439766E29BEA6780031C260 /* Release */,
			);
			defaultConfigurationIsVisible = 0;
			defaultConfigurationName = Release;
		};
/* End XCConfigurationList section */

/* Begin XCRemoteSwiftPackageReference section */
		645DECA729E8E771001D37A8 /* XCRemoteSwiftPackageReference "firebase-ios-sdk" */ = {
			isa = XCRemoteSwiftPackageReference;
			repositoryURL = "https://github.com/firebase/firebase-ios-sdk";
			requirement = {
				kind = upToNextMajorVersion;
				minimumVersion = 9.0.0;
			};
		};
		64AD24DD29BEC49B00A19708 /* XCRemoteSwiftPackageReference "coordinator" */ = {
			isa = XCRemoteSwiftPackageReference;
			repositoryURL = "https://github.com/raphahenrique/coordinator.git";
			requirement = {
				branch = feat/routable;
				kind = branch;
			};
		};
/* End XCRemoteSwiftPackageReference section */

/* Begin XCSwiftPackageProductDependency section */
		645DECA829E8E771001D37A8 /* FirebaseAnalytics */ = {
			isa = XCSwiftPackageProductDependency;
			package = 645DECA729E8E771001D37A8 /* XCRemoteSwiftPackageReference "firebase-ios-sdk" */;
			productName = FirebaseAnalytics;
		};
		645DECAA29E8E771001D37A8 /* FirebaseAuth */ = {
			isa = XCSwiftPackageProductDependency;
			package = 645DECA729E8E771001D37A8 /* XCRemoteSwiftPackageReference "firebase-ios-sdk" */;
			productName = FirebaseAuth;
		};
		645DECAC29E8E771001D37A8 /* FirebaseCrashlytics */ = {
			isa = XCSwiftPackageProductDependency;
			package = 645DECA729E8E771001D37A8 /* XCRemoteSwiftPackageReference "firebase-ios-sdk" */;
			productName = FirebaseCrashlytics;
		};
		645DECAE29E8E771001D37A8 /* FirebaseDatabase */ = {
			isa = XCSwiftPackageProductDependency;
			package = 645DECA729E8E771001D37A8 /* XCRemoteSwiftPackageReference "firebase-ios-sdk" */;
			productName = FirebaseDatabase;
		};
		64AD24DE29BEC49B00A19708 /* RCoordinator */ = {
			isa = XCSwiftPackageProductDependency;
			package = 64AD24DD29BEC49B00A19708 /* XCRemoteSwiftPackageReference "coordinator" */;
			productName = RCoordinator;
		};
/* End XCSwiftPackageProductDependency section */
	};
	rootObject = 6439763429BEA6730031C260 /* Project object */;
}
